// !$*UTF8*$!
{
	archiveVersion = 1;
	classes = {
	};
	objectVersion = 50;
	objects = {

/* Begin PBXBuildFile section */
		5F8BFE412370FE4E00465DD6 /* AppDelegate.swift in Sources */ = {isa = PBXBuildFile; fileRef = 5F8BFE402370FE4E00465DD6 /* AppDelegate.swift */; };
		5F8BFE432370FE4E00465DD6 /* SceneDelegate.swift in Sources */ = {isa = PBXBuildFile; fileRef = 5F8BFE422370FE4E00465DD6 /* SceneDelegate.swift */; };
		5F8BFE452370FE4E00465DD6 /* ViewController.swift in Sources */ = {isa = PBXBuildFile; fileRef = 5F8BFE442370FE4E00465DD6 /* ViewController.swift */; };
		5F8BFE482370FE4E00465DD6 /* Main.storyboard in Resources */ = {isa = PBXBuildFile; fileRef = 5F8BFE462370FE4E00465DD6 /* Main.storyboard */; };
		5F8BFE4A2370FE5100465DD6 /* Assets.xcassets in Resources */ = {isa = PBXBuildFile; fileRef = 5F8BFE492370FE5100465DD6 /* Assets.xcassets */; };
		5F8BFE4D2370FE5100465DD6 /* LaunchScreen.storyboard in Resources */ = {isa = PBXBuildFile; fileRef = 5F8BFE4B2370FE5100465DD6 /* LaunchScreen.storyboard */; };
		5F8BFE582370FE5100465DD6 /* MarsRoverGalleryTests.swift in Sources */ = {isa = PBXBuildFile; fileRef = 5F8BFE572370FE5100465DD6 /* MarsRoverGalleryTests.swift */; };
		5F8BFE752371464600465DD6 /* Rover.swift in Sources */ = {isa = PBXBuildFile; fileRef = 5F8BFE742371464600465DD6 /* Rover.swift */; };
		5F8BFE7A237147F700465DD6 /* NASADateFormatter.swift in Sources */ = {isa = PBXBuildFile; fileRef = 5F8BFE79237147F700465DD6 /* NASADateFormatter.swift */; };
		5F8BFE7C23714CDF00465DD6 /* Photo.swift in Sources */ = {isa = PBXBuildFile; fileRef = 5F8BFE7B23714CDF00465DD6 /* Photo.swift */; };
		5F8BFE7F23714DC100465DD6 /* Camera.swift in Sources */ = {isa = PBXBuildFile; fileRef = 5F8BFE7E23714DC100465DD6 /* Camera.swift */; };
		5F8BFE872371EB5300465DD6 /* example_photo.json in Resources */ = {isa = PBXBuildFile; fileRef = 5F8BFE862371EB5300465DD6 /* example_photo.json */; };
		5F8BFE892371EE7D00465DD6 /* PhotosResponse.swift in Sources */ = {isa = PBXBuildFile; fileRef = 5F8BFE882371EE7D00465DD6 /* PhotosResponse.swift */; };
		5F8BFE8B2371F99B00465DD6 /* Manifest.swift in Sources */ = {isa = PBXBuildFile; fileRef = 5F8BFE8A2371F99B00465DD6 /* Manifest.swift */; };
		5F8BFE8D2371FE1200465DD6 /* example_manifest.json in Resources */ = {isa = PBXBuildFile; fileRef = 5F8BFE8C2371FE1100465DD6 /* example_manifest.json */; };
		5F8BFE8F2372000100465DD6 /* ManifestResponse.swift in Sources */ = {isa = PBXBuildFile; fileRef = 5F8BFE8E2372000100465DD6 /* ManifestResponse.swift */; };
		5F8BFE922372A51D00465DD6 /* PhotosRequest.swift in Sources */ = {isa = PBXBuildFile; fileRef = 5F8BFE912372A51C00465DD6 /* PhotosRequest.swift */; };
		5F8BFE942372B6F900465DD6 /* Constants.swift in Sources */ = {isa = PBXBuildFile; fileRef = 5F8BFE932372B6F800465DD6 /* Constants.swift */; };
		5F8BFE9C2372C60900465DD6 /* URLSession+Extensions.swift in Sources */ = {isa = PBXBuildFile; fileRef = 5F8BFE9B2372C60900465DD6 /* URLSession+Extensions.swift */; };
		5F8BFE9E2372D09700465DD6 /* Secrets.swift in Sources */ = {isa = PBXBuildFile; fileRef = 5F8BFE9D2372D09700465DD6 /* Secrets.swift */; };
		5F8BFEA1237359B600465DD6 /* PaginatedPhotosController.swift in Sources */ = {isa = PBXBuildFile; fileRef = 5F8BFEA0237359B600465DD6 /* PaginatedPhotosController.swift */; };
		5F8BFEA4237378FF00465DD6 /* CollectionViewModel.swift in Sources */ = {isa = PBXBuildFile; fileRef = 5F8BFEA3237378FF00465DD6 /* CollectionViewModel.swift */; };
		5F8BFEA62373796500465DD6 /* ItemRepresentable.swift in Sources */ = {isa = PBXBuildFile; fileRef = 5F8BFEA52373796500465DD6 /* ItemRepresentable.swift */; };
		5F8BFEA923737A9200465DD6 /* WaterfallCollectionViewController.swift in Sources */ = {isa = PBXBuildFile; fileRef = 5F8BFEA823737A9200465DD6 /* WaterfallCollectionViewController.swift */; };
		5F8BFEB12373E13700465DD6 /* ImageSizer.swift in Sources */ = {isa = PBXBuildFile; fileRef = 5F8BFEB02373E13700465DD6 /* ImageSizer.swift */; };
		5F8BFEB62373FF5D00465DD6 /* CHTCollectionViewWaterfallLayout.swift in Sources */ = {isa = PBXBuildFile; fileRef = 5F8BFEB52373FF5D00465DD6 /* CHTCollectionViewWaterfallLayout.swift */; };
		5FB214FC237407E4008596DF /* ImageStore.swift in Sources */ = {isa = PBXBuildFile; fileRef = 5FB214FB237407E4008596DF /* ImageStore.swift */; };
		5FB214FE237409B7008596DF /* ImageDownloadOperation.swift in Sources */ = {isa = PBXBuildFile; fileRef = 5FB214FD237409B7008596DF /* ImageDownloadOperation.swift */; };
		5FB2150023740BDC008596DF /* AsynchronousOperation.swift in Sources */ = {isa = PBXBuildFile; fileRef = 5FB214FF23740BDC008596DF /* AsynchronousOperation.swift */; };
		5FB215022374969A008596DF /* WaterfallCollectionViewModel.swift in Sources */ = {isa = PBXBuildFile; fileRef = 5FB215012374969A008596DF /* WaterfallCollectionViewModel.swift */; };
		5FB21504237497D7008596DF /* PhotosCollectionViewModel.swift in Sources */ = {isa = PBXBuildFile; fileRef = 5FB21503237497D7008596DF /* PhotosCollectionViewModel.swift */; };
		5FB2150723749998008596DF /* PhotoCellViewModel.swift in Sources */ = {isa = PBXBuildFile; fileRef = 5FB2150623749998008596DF /* PhotoCellViewModel.swift */; };
		5FB2150923749A3A008596DF /* ImageCell.swift in Sources */ = {isa = PBXBuildFile; fileRef = 5FB2150823749A3A008596DF /* ImageCell.swift */; };
/* End PBXBuildFile section */

/* Begin PBXContainerItemProxy section */
		5F8BFE542370FE5100465DD6 /* PBXContainerItemProxy */ = {
			isa = PBXContainerItemProxy;
			containerPortal = 5F8BFE352370FE4E00465DD6 /* Project object */;
			proxyType = 1;
			remoteGlobalIDString = 5F8BFE3C2370FE4E00465DD6;
			remoteInfo = MarsRoverGallery;
		};
/* End PBXContainerItemProxy section */

/* Begin PBXFileReference section */
		5F8BFE3D2370FE4E00465DD6 /* MarsRoverGallery.app */ = {isa = PBXFileReference; explicitFileType = wrapper.application; includeInIndex = 0; path = MarsRoverGallery.app; sourceTree = BUILT_PRODUCTS_DIR; };
		5F8BFE402370FE4E00465DD6 /* AppDelegate.swift */ = {isa = PBXFileReference; lastKnownFileType = sourcecode.swift; path = AppDelegate.swift; sourceTree = "<group>"; };
		5F8BFE422370FE4E00465DD6 /* SceneDelegate.swift */ = {isa = PBXFileReference; lastKnownFileType = sourcecode.swift; path = SceneDelegate.swift; sourceTree = "<group>"; };
		5F8BFE442370FE4E00465DD6 /* ViewController.swift */ = {isa = PBXFileReference; lastKnownFileType = sourcecode.swift; path = ViewController.swift; sourceTree = "<group>"; };
		5F8BFE472370FE4E00465DD6 /* Base */ = {isa = PBXFileReference; lastKnownFileType = file.storyboard; name = Base; path = Base.lproj/Main.storyboard; sourceTree = "<group>"; };
		5F8BFE492370FE5100465DD6 /* Assets.xcassets */ = {isa = PBXFileReference; lastKnownFileType = folder.assetcatalog; path = Assets.xcassets; sourceTree = "<group>"; };
		5F8BFE4C2370FE5100465DD6 /* Base */ = {isa = PBXFileReference; lastKnownFileType = file.storyboard; name = Base; path = Base.lproj/LaunchScreen.storyboard; sourceTree = "<group>"; };
		5F8BFE4E2370FE5100465DD6 /* Info.plist */ = {isa = PBXFileReference; lastKnownFileType = text.plist.xml; path = Info.plist; sourceTree = "<group>"; };
		5F8BFE532370FE5100465DD6 /* MarsRoverGalleryTests.xctest */ = {isa = PBXFileReference; explicitFileType = wrapper.cfbundle; includeInIndex = 0; path = MarsRoverGalleryTests.xctest; sourceTree = BUILT_PRODUCTS_DIR; };
		5F8BFE572370FE5100465DD6 /* MarsRoverGalleryTests.swift */ = {isa = PBXFileReference; lastKnownFileType = sourcecode.swift; path = MarsRoverGalleryTests.swift; sourceTree = "<group>"; };
		5F8BFE592370FE5100465DD6 /* Info.plist */ = {isa = PBXFileReference; lastKnownFileType = text.plist.xml; path = Info.plist; sourceTree = "<group>"; };
		5F8BFE742371464600465DD6 /* Rover.swift */ = {isa = PBXFileReference; lastKnownFileType = sourcecode.swift; path = Rover.swift; sourceTree = "<group>"; };
		5F8BFE79237147F700465DD6 /* NASADateFormatter.swift */ = {isa = PBXFileReference; lastKnownFileType = sourcecode.swift; path = NASADateFormatter.swift; sourceTree = "<group>"; };
		5F8BFE7B23714CDF00465DD6 /* Photo.swift */ = {isa = PBXFileReference; lastKnownFileType = sourcecode.swift; path = Photo.swift; sourceTree = "<group>"; };
		5F8BFE7E23714DC100465DD6 /* Camera.swift */ = {isa = PBXFileReference; lastKnownFileType = sourcecode.swift; path = Camera.swift; sourceTree = "<group>"; };
		5F8BFE862371EB5300465DD6 /* example_photo.json */ = {isa = PBXFileReference; fileEncoding = 4; lastKnownFileType = text.json; path = example_photo.json; sourceTree = "<group>"; };
		5F8BFE882371EE7D00465DD6 /* PhotosResponse.swift */ = {isa = PBXFileReference; lastKnownFileType = sourcecode.swift; path = PhotosResponse.swift; sourceTree = "<group>"; };
		5F8BFE8A2371F99B00465DD6 /* Manifest.swift */ = {isa = PBXFileReference; lastKnownFileType = sourcecode.swift; path = Manifest.swift; sourceTree = "<group>"; };
		5F8BFE8C2371FE1100465DD6 /* example_manifest.json */ = {isa = PBXFileReference; fileEncoding = 4; lastKnownFileType = text.json; path = example_manifest.json; sourceTree = "<group>"; };
		5F8BFE8E2372000100465DD6 /* ManifestResponse.swift */ = {isa = PBXFileReference; lastKnownFileType = sourcecode.swift; path = ManifestResponse.swift; sourceTree = "<group>"; };
		5F8BFE912372A51C00465DD6 /* PhotosRequest.swift */ = {isa = PBXFileReference; lastKnownFileType = sourcecode.swift; path = PhotosRequest.swift; sourceTree = "<group>"; };
		5F8BFE932372B6F800465DD6 /* Constants.swift */ = {isa = PBXFileReference; lastKnownFileType = sourcecode.swift; path = Constants.swift; sourceTree = "<group>"; };
		5F8BFE9B2372C60900465DD6 /* URLSession+Extensions.swift */ = {isa = PBXFileReference; lastKnownFileType = sourcecode.swift; path = "URLSession+Extensions.swift"; sourceTree = "<group>"; };
		5F8BFE9D2372D09700465DD6 /* Secrets.swift */ = {isa = PBXFileReference; lastKnownFileType = sourcecode.swift; path = Secrets.swift; sourceTree = "<group>"; };
		5F8BFEA0237359B600465DD6 /* PaginatedPhotosController.swift */ = {isa = PBXFileReference; lastKnownFileType = sourcecode.swift; path = PaginatedPhotosController.swift; sourceTree = "<group>"; };
		5F8BFEA3237378FF00465DD6 /* CollectionViewModel.swift */ = {isa = PBXFileReference; lastKnownFileType = sourcecode.swift; path = CollectionViewModel.swift; sourceTree = "<group>"; };
		5F8BFEA52373796500465DD6 /* ItemRepresentable.swift */ = {isa = PBXFileReference; lastKnownFileType = sourcecode.swift; path = ItemRepresentable.swift; sourceTree = "<group>"; };
		5F8BFEA823737A9200465DD6 /* WaterfallCollectionViewController.swift */ = {isa = PBXFileReference; lastKnownFileType = sourcecode.swift; path = WaterfallCollectionViewController.swift; sourceTree = "<group>"; };
		5F8BFEB02373E13700465DD6 /* ImageSizer.swift */ = {isa = PBXFileReference; lastKnownFileType = sourcecode.swift; path = ImageSizer.swift; sourceTree = "<group>"; };
		5F8BFEB52373FF5D00465DD6 /* CHTCollectionViewWaterfallLayout.swift */ = {isa = PBXFileReference; fileEncoding = 4; lastKnownFileType = sourcecode.swift; path = CHTCollectionViewWaterfallLayout.swift; sourceTree = "<group>"; };
		5FB214FB237407E4008596DF /* ImageStore.swift */ = {isa = PBXFileReference; lastKnownFileType = sourcecode.swift; path = ImageStore.swift; sourceTree = "<group>"; };
		5FB214FD237409B7008596DF /* ImageDownloadOperation.swift */ = {isa = PBXFileReference; lastKnownFileType = sourcecode.swift; path = ImageDownloadOperation.swift; sourceTree = "<group>"; };
		5FB214FF23740BDC008596DF /* AsynchronousOperation.swift */ = {isa = PBXFileReference; fileEncoding = 4; lastKnownFileType = sourcecode.swift; path = AsynchronousOperation.swift; sourceTree = "<group>"; };
		5FB215012374969A008596DF /* WaterfallCollectionViewModel.swift */ = {isa = PBXFileReference; lastKnownFileType = sourcecode.swift; path = WaterfallCollectionViewModel.swift; sourceTree = "<group>"; };
		5FB21503237497D7008596DF /* PhotosCollectionViewModel.swift */ = {isa = PBXFileReference; lastKnownFileType = sourcecode.swift; path = PhotosCollectionViewModel.swift; sourceTree = "<group>"; };
		5FB2150623749998008596DF /* PhotoCellViewModel.swift */ = {isa = PBXFileReference; lastKnownFileType = sourcecode.swift; path = PhotoCellViewModel.swift; sourceTree = "<group>"; };
		5FB2150823749A3A008596DF /* ImageCell.swift */ = {isa = PBXFileReference; lastKnownFileType = sourcecode.swift; path = ImageCell.swift; sourceTree = "<group>"; };
/* End PBXFileReference section */

/* Begin PBXFrameworksBuildPhase section */
		5F8BFE3A2370FE4E00465DD6 /* Frameworks */ = {
			isa = PBXFrameworksBuildPhase;
			buildActionMask = 2147483647;
			files = (
			);
			runOnlyForDeploymentPostprocessing = 0;
		};
		5F8BFE502370FE5100465DD6 /* Frameworks */ = {
			isa = PBXFrameworksBuildPhase;
			buildActionMask = 2147483647;
			files = (
			);
			runOnlyForDeploymentPostprocessing = 0;
		};
/* End PBXFrameworksBuildPhase section */

/* Begin PBXGroup section */
		5F8BFE342370FE4E00465DD6 = {
			isa = PBXGroup;
			children = (
				5F8BFE3F2370FE4E00465DD6 /* MarsRoverGallery */,
				5F8BFE562370FE5100465DD6 /* MarsRoverGalleryTests */,
				5F8BFE3E2370FE4E00465DD6 /* Products */,
			);
			sourceTree = "<group>";
		};
		5F8BFE3E2370FE4E00465DD6 /* Products */ = {
			isa = PBXGroup;
			children = (
				5F8BFE3D2370FE4E00465DD6 /* MarsRoverGallery.app */,
				5F8BFE532370FE5100465DD6 /* MarsRoverGalleryTests.xctest */,
			);
			name = Products;
			sourceTree = "<group>";
		};
		5F8BFE3F2370FE4E00465DD6 /* MarsRoverGallery */ = {
			isa = PBXGroup;
			children = (
				5F8BFEB42373FF4000465DD6 /* CopyPaste */,
				5F8BFEA22373783400465DD6 /* Protocols */,
				5F8BFE902372A4D800465DD6 /* Networking */,
				5F8BFE762371473100465DD6 /* Utilities */,
				5F8BFE6C2371452700465DD6 /* Models */,
				5F8BFE9F2373596400465DD6 /* ModelControllers */,
				5F8BFEA723737A3600465DD6 /* ViewControllers */,
				5FB2150523749963008596DF /* Views */,
				5F8BFE402370FE4E00465DD6 /* AppDelegate.swift */,
				5F8BFE422370FE4E00465DD6 /* SceneDelegate.swift */,
				5F8BFE442370FE4E00465DD6 /* ViewController.swift */,
				5F8BFE462370FE4E00465DD6 /* Main.storyboard */,
				5F8BFE492370FE5100465DD6 /* Assets.xcassets */,
				5F8BFE4B2370FE5100465DD6 /* LaunchScreen.storyboard */,
				5F8BFE4E2370FE5100465DD6 /* Info.plist */,
			);
			path = MarsRoverGallery;
			sourceTree = "<group>";
		};
		5F8BFE562370FE5100465DD6 /* MarsRoverGalleryTests */ = {
			isa = PBXGroup;
			children = (
				5F8BFE862371EB5300465DD6 /* example_photo.json */,
				5F8BFE8C2371FE1100465DD6 /* example_manifest.json */,
				5F8BFE572370FE5100465DD6 /* MarsRoverGalleryTests.swift */,
				5F8BFE592370FE5100465DD6 /* Info.plist */,
			);
			path = MarsRoverGalleryTests;
			sourceTree = "<group>";
		};
		5F8BFE6C2371452700465DD6 /* Models */ = {
			isa = PBXGroup;
			children = (
				5F8BFE882371EE7D00465DD6 /* PhotosResponse.swift */,
				5F8BFE7B23714CDF00465DD6 /* Photo.swift */,
				5F8BFE742371464600465DD6 /* Rover.swift */,
				5F8BFE7E23714DC100465DD6 /* Camera.swift */,
				5F8BFE8E2372000100465DD6 /* ManifestResponse.swift */,
				5F8BFE8A2371F99B00465DD6 /* Manifest.swift */,
			);
			path = Models;
			sourceTree = "<group>";
		};
		5F8BFE762371473100465DD6 /* Utilities */ = {
			isa = PBXGroup;
			children = (
				5F8BFE79237147F700465DD6 /* NASADateFormatter.swift */,
				5F8BFE932372B6F800465DD6 /* Constants.swift */,
				5F8BFE9D2372D09700465DD6 /* Secrets.swift */,
				5F8BFE9B2372C60900465DD6 /* URLSession+Extensions.swift */,
			);
			path = Utilities;
			sourceTree = "<group>";
		};
		5F8BFE902372A4D800465DD6 /* Networking */ = {
			isa = PBXGroup;
			children = (
				5F8BFE912372A51C00465DD6 /* PhotosRequest.swift */,
				5F8BFEB02373E13700465DD6 /* ImageSizer.swift */,
				5FB214FB237407E4008596DF /* ImageStore.swift */,
				5FB214FD237409B7008596DF /* ImageDownloadOperation.swift */,
			);
			path = Networking;
			sourceTree = "<group>";
		};
		5F8BFE9F2373596400465DD6 /* ModelControllers */ = {
			isa = PBXGroup;
			children = (
				5F8BFEA0237359B600465DD6 /* PaginatedPhotosController.swift */,
			);
			path = ModelControllers;
			sourceTree = "<group>";
		};
		5F8BFEA22373783400465DD6 /* Protocols */ = {
			isa = PBXGroup;
			children = (
				5F8BFEA3237378FF00465DD6 /* CollectionViewModel.swift */,
				5FB215012374969A008596DF /* WaterfallCollectionViewModel.swift */,
				5F8BFEA52373796500465DD6 /* ItemRepresentable.swift */,
			);
			path = Protocols;
			sourceTree = "<group>";
		};
		5F8BFEA723737A3600465DD6 /* ViewControllers */ = {
			isa = PBXGroup;
			children = (
				5F8BFEA823737A9200465DD6 /* WaterfallCollectionViewController.swift */,
				5FB21503237497D7008596DF /* PhotosCollectionViewModel.swift */,
			);
			path = ViewControllers;
			sourceTree = "<group>";
		};
		5F8BFEB42373FF4000465DD6 /* CopyPaste */ = {
			isa = PBXGroup;
			children = (
				5F8BFEB52373FF5D00465DD6 /* CHTCollectionViewWaterfallLayout.swift */,
				5FB214FF23740BDC008596DF /* AsynchronousOperation.swift */,
			);
			path = CopyPaste;
			sourceTree = "<group>";
		};
		5FB2150523749963008596DF /* Views */ = {
			isa = PBXGroup;
			children = (
				5FB2150823749A3A008596DF /* ImageCell.swift */,
				5FB2150623749998008596DF /* PhotoCellViewModel.swift */,
			);
			path = Views;
			sourceTree = "<group>";
		};
/* End PBXGroup section */

/* Begin PBXNativeTarget section */
		5F8BFE3C2370FE4E00465DD6 /* MarsRoverGallery */ = {
			isa = PBXNativeTarget;
			buildConfigurationList = 5F8BFE5C2370FE5100465DD6 /* Build configuration list for PBXNativeTarget "MarsRoverGallery" */;
			buildPhases = (
				5F8BFE392370FE4E00465DD6 /* Sources */,
				5F8BFE3A2370FE4E00465DD6 /* Frameworks */,
				5F8BFE3B2370FE4E00465DD6 /* Resources */,
			);
			buildRules = (
			);
			dependencies = (
			);
			name = MarsRoverGallery;
			productName = MarsRoverGallery;
			productReference = 5F8BFE3D2370FE4E00465DD6 /* MarsRoverGallery.app */;
			productType = "com.apple.product-type.application";
		};
		5F8BFE522370FE5100465DD6 /* MarsRoverGalleryTests */ = {
			isa = PBXNativeTarget;
			buildConfigurationList = 5F8BFE5F2370FE5100465DD6 /* Build configuration list for PBXNativeTarget "MarsRoverGalleryTests" */;
			buildPhases = (
				5F8BFE4F2370FE5100465DD6 /* Sources */,
				5F8BFE502370FE5100465DD6 /* Frameworks */,
				5F8BFE512370FE5100465DD6 /* Resources */,
			);
			buildRules = (
			);
			dependencies = (
				5F8BFE552370FE5100465DD6 /* PBXTargetDependency */,
			);
			name = MarsRoverGalleryTests;
			productName = MarsRoverGalleryTests;
			productReference = 5F8BFE532370FE5100465DD6 /* MarsRoverGalleryTests.xctest */;
			productType = "com.apple.product-type.bundle.unit-test";
		};
/* End PBXNativeTarget section */

/* Begin PBXProject section */
		5F8BFE352370FE4E00465DD6 /* Project object */ = {
			isa = PBXProject;
			attributes = {
				LastSwiftUpdateCheck = 1120;
				LastUpgradeCheck = 1120;
				ORGANIZATIONNAME = "Edward Samson";
				TargetAttributes = {
					5F8BFE3C2370FE4E00465DD6 = {
						CreatedOnToolsVersion = 11.2;
					};
					5F8BFE522370FE5100465DD6 = {
						CreatedOnToolsVersion = 11.2;
						TestTargetID = 5F8BFE3C2370FE4E00465DD6;
					};
				};
			};
			buildConfigurationList = 5F8BFE382370FE4E00465DD6 /* Build configuration list for PBXProject "MarsRoverGallery" */;
			compatibilityVersion = "Xcode 9.3";
			developmentRegion = en;
			hasScannedForEncodings = 0;
			knownRegions = (
				en,
				Base,
			);
			mainGroup = 5F8BFE342370FE4E00465DD6;
			productRefGroup = 5F8BFE3E2370FE4E00465DD6 /* Products */;
			projectDirPath = "";
			projectRoot = "";
			targets = (
				5F8BFE3C2370FE4E00465DD6 /* MarsRoverGallery */,
				5F8BFE522370FE5100465DD6 /* MarsRoverGalleryTests */,
			);
		};
/* End PBXProject section */

/* Begin PBXResourcesBuildPhase section */
		5F8BFE3B2370FE4E00465DD6 /* Resources */ = {
			isa = PBXResourcesBuildPhase;
			buildActionMask = 2147483647;
			files = (
				5F8BFE4D2370FE5100465DD6 /* LaunchScreen.storyboard in Resources */,
				5F8BFE4A2370FE5100465DD6 /* Assets.xcassets in Resources */,
				5F8BFE482370FE4E00465DD6 /* Main.storyboard in Resources */,
			);
			runOnlyForDeploymentPostprocessing = 0;
		};
		5F8BFE512370FE5100465DD6 /* Resources */ = {
			isa = PBXResourcesBuildPhase;
			buildActionMask = 2147483647;
			files = (
				5F8BFE872371EB5300465DD6 /* example_photo.json in Resources */,
				5F8BFE8D2371FE1200465DD6 /* example_manifest.json in Resources */,
			);
			runOnlyForDeploymentPostprocessing = 0;
		};
/* End PBXResourcesBuildPhase section */

/* Begin PBXSourcesBuildPhase section */
		5F8BFE392370FE4E00465DD6 /* Sources */ = {
			isa = PBXSourcesBuildPhase;
			buildActionMask = 2147483647;
			files = (
				5FB2150723749998008596DF /* PhotoCellViewModel.swift in Sources */,
				5F8BFE452370FE4E00465DD6 /* ViewController.swift in Sources */,
				5F8BFEA1237359B600465DD6 /* PaginatedPhotosController.swift in Sources */,
				5F8BFE9E2372D09700465DD6 /* Secrets.swift in Sources */,
				5F8BFEA923737A9200465DD6 /* WaterfallCollectionViewController.swift in Sources */,
				5F8BFE8B2371F99B00465DD6 /* Manifest.swift in Sources */,
				5FB214FE237409B7008596DF /* ImageDownloadOperation.swift in Sources */,
				5FB214FC237407E4008596DF /* ImageStore.swift in Sources */,
				5F8BFE7C23714CDF00465DD6 /* Photo.swift in Sources */,
				5F8BFE412370FE4E00465DD6 /* AppDelegate.swift in Sources */,
				5FB2150923749A3A008596DF /* ImageCell.swift in Sources */,
				5FB21504237497D7008596DF /* PhotosCollectionViewModel.swift in Sources */,
				5F8BFE9C2372C60900465DD6 /* URLSession+Extensions.swift in Sources */,
				5F8BFE7F23714DC100465DD6 /* Camera.swift in Sources */,
				5FB215022374969A008596DF /* WaterfallCollectionViewModel.swift in Sources */,
				5F8BFE432370FE4E00465DD6 /* SceneDelegate.swift in Sources */,
				5F8BFE942372B6F900465DD6 /* Constants.swift in Sources */,
				5F8BFEB62373FF5D00465DD6 /* CHTCollectionViewWaterfallLayout.swift in Sources */,
				5F8BFEB12373E13700465DD6 /* ImageSizer.swift in Sources */,
				5FB2150023740BDC008596DF /* AsynchronousOperation.swift in Sources */,
				5F8BFE752371464600465DD6 /* Rover.swift in Sources */,
				5F8BFE922372A51D00465DD6 /* PhotosRequest.swift in Sources */,
				5F8BFEA4237378FF00465DD6 /* CollectionViewModel.swift in Sources */,
				5F8BFEA62373796500465DD6 /* ItemRepresentable.swift in Sources */,
				5F8BFE8F2372000100465DD6 /* ManifestResponse.swift in Sources */,
				5F8BFE7A237147F700465DD6 /* NASADateFormatter.swift in Sources */,
				5F8BFE892371EE7D00465DD6 /* PhotosResponse.swift in Sources */,
			);
			runOnlyForDeploymentPostprocessing = 0;
		};
		5F8BFE4F2370FE5100465DD6 /* Sources */ = {
			isa = PBXSourcesBuildPhase;
			buildActionMask = 2147483647;
			files = (
				5F8BFE582370FE5100465DD6 /* MarsRoverGalleryTests.swift in Sources */,
			);
			runOnlyForDeploymentPostprocessing = 0;
		};
/* End PBXSourcesBuildPhase section */

/* Begin PBXTargetDependency section */
		5F8BFE552370FE5100465DD6 /* PBXTargetDependency */ = {
			isa = PBXTargetDependency;
			target = 5F8BFE3C2370FE4E00465DD6 /* MarsRoverGallery */;
			targetProxy = 5F8BFE542370FE5100465DD6 /* PBXContainerItemProxy */;
		};
/* End PBXTargetDependency section */

/* Begin PBXVariantGroup section */
		5F8BFE462370FE4E00465DD6 /* Main.storyboard */ = {
			isa = PBXVariantGroup;
			children = (
				5F8BFE472370FE4E00465DD6 /* Base */,
			);
			name = Main.storyboard;
			sourceTree = "<group>";
		};
		5F8BFE4B2370FE5100465DD6 /* LaunchScreen.storyboard */ = {
			isa = PBXVariantGroup;
			children = (
				5F8BFE4C2370FE5100465DD6 /* Base */,
			);
			name = LaunchScreen.storyboard;
			sourceTree = "<group>";
		};
/* End PBXVariantGroup section */

/* Begin XCBuildConfiguration section */
		5F8BFE5A2370FE5100465DD6 /* Debug */ = {
			isa = XCBuildConfiguration;
			buildSettings = {
				ALWAYS_SEARCH_USER_PATHS = NO;
				CLANG_ANALYZER_NONNULL = YES;
				CLANG_ANALYZER_NUMBER_OBJECT_CONVERSION = YES_AGGRESSIVE;
				CLANG_CXX_LANGUAGE_STANDARD = "gnu++14";
				CLANG_CXX_LIBRARY = "libc++";
				CLANG_ENABLE_MODULES = YES;
				CLANG_ENABLE_OBJC_ARC = YES;
				CLANG_ENABLE_OBJC_WEAK = YES;
				CLANG_WARN_BLOCK_CAPTURE_AUTORELEASING = YES;
				CLANG_WARN_BOOL_CONVERSION = YES;
				CLANG_WARN_COMMA = YES;
				CLANG_WARN_CONSTANT_CONVERSION = YES;
				CLANG_WARN_DEPRECATED_OBJC_IMPLEMENTATIONS = YES;
				CLANG_WARN_DIRECT_OBJC_ISA_USAGE = YES_ERROR;
				CLANG_WARN_DOCUMENTATION_COMMENTS = YES;
				CLANG_WARN_EMPTY_BODY = YES;
				CLANG_WARN_ENUM_CONVERSION = YES;
				CLANG_WARN_INFINITE_RECURSION = YES;
				CLANG_WARN_INT_CONVERSION = YES;
				CLANG_WARN_NON_LITERAL_NULL_CONVERSION = YES;
				CLANG_WARN_OBJC_IMPLICIT_RETAIN_SELF = YES;
				CLANG_WARN_OBJC_LITERAL_CONVERSION = YES;
				CLANG_WARN_OBJC_ROOT_CLASS = YES_ERROR;
				CLANG_WARN_RANGE_LOOP_ANALYSIS = YES;
				CLANG_WARN_STRICT_PROTOTYPES = YES;
				CLANG_WARN_SUSPICIOUS_MOVE = YES;
				CLANG_WARN_UNGUARDED_AVAILABILITY = YES_AGGRESSIVE;
				CLANG_WARN_UNREACHABLE_CODE = YES;
				CLANG_WARN__DUPLICATE_METHOD_MATCH = YES;
				COPY_PHASE_STRIP = NO;
				DEBUG_INFORMATION_FORMAT = dwarf;
				ENABLE_STRICT_OBJC_MSGSEND = YES;
				ENABLE_TESTABILITY = YES;
				GCC_C_LANGUAGE_STANDARD = gnu11;
				GCC_DYNAMIC_NO_PIC = NO;
				GCC_NO_COMMON_BLOCKS = YES;
				GCC_OPTIMIZATION_LEVEL = 0;
				GCC_PREPROCESSOR_DEFINITIONS = (
					"DEBUG=1",
					"$(inherited)",
				);
				GCC_WARN_64_TO_32_BIT_CONVERSION = YES;
				GCC_WARN_ABOUT_RETURN_TYPE = YES_ERROR;
				GCC_WARN_UNDECLARED_SELECTOR = YES;
				GCC_WARN_UNINITIALIZED_AUTOS = YES_AGGRESSIVE;
				GCC_WARN_UNUSED_FUNCTION = YES;
				GCC_WARN_UNUSED_VARIABLE = YES;
				IPHONEOS_DEPLOYMENT_TARGET = 13.2;
				MTL_ENABLE_DEBUG_INFO = INCLUDE_SOURCE;
				MTL_FAST_MATH = YES;
				ONLY_ACTIVE_ARCH = YES;
				SDKROOT = iphoneos;
				SWIFT_ACTIVE_COMPILATION_CONDITIONS = DEBUG;
				SWIFT_OPTIMIZATION_LEVEL = "-Onone";
			};
			name = Debug;
		};
		5F8BFE5B2370FE5100465DD6 /* Release */ = {
			isa = XCBuildConfiguration;
			buildSettings = {
				ALWAYS_SEARCH_USER_PATHS = NO;
				CLANG_ANALYZER_NONNULL = YES;
				CLANG_ANALYZER_NUMBER_OBJECT_CONVERSION = YES_AGGRESSIVE;
				CLANG_CXX_LANGUAGE_STANDARD = "gnu++14";
				CLANG_CXX_LIBRARY = "libc++";
				CLANG_ENABLE_MODULES = YES;
				CLANG_ENABLE_OBJC_ARC = YES;
				CLANG_ENABLE_OBJC_WEAK = YES;
				CLANG_WARN_BLOCK_CAPTURE_AUTORELEASING = YES;
				CLANG_WARN_BOOL_CONVERSION = YES;
				CLANG_WARN_COMMA = YES;
				CLANG_WARN_CONSTANT_CONVERSION = YES;
				CLANG_WARN_DEPRECATED_OBJC_IMPLEMENTATIONS = YES;
				CLANG_WARN_DIRECT_OBJC_ISA_USAGE = YES_ERROR;
				CLANG_WARN_DOCUMENTATION_COMMENTS = YES;
				CLANG_WARN_EMPTY_BODY = YES;
				CLANG_WARN_ENUM_CONVERSION = YES;
				CLANG_WARN_INFINITE_RECURSION = YES;
				CLANG_WARN_INT_CONVERSION = YES;
				CLANG_WARN_NON_LITERAL_NULL_CONVERSION = YES;
				CLANG_WARN_OBJC_IMPLICIT_RETAIN_SELF = YES;
				CLANG_WARN_OBJC_LITERAL_CONVERSION = YES;
				CLANG_WARN_OBJC_ROOT_CLASS = YES_ERROR;
				CLANG_WARN_RANGE_LOOP_ANALYSIS = YES;
				CLANG_WARN_STRICT_PROTOTYPES = YES;
				CLANG_WARN_SUSPICIOUS_MOVE = YES;
				CLANG_WARN_UNGUARDED_AVAILABILITY = YES_AGGRESSIVE;
				CLANG_WARN_UNREACHABLE_CODE = YES;
				CLANG_WARN__DUPLICATE_METHOD_MATCH = YES;
				COPY_PHASE_STRIP = NO;
				DEBUG_INFORMATION_FORMAT = "dwarf-with-dsym";
				ENABLE_NS_ASSERTIONS = NO;
				ENABLE_STRICT_OBJC_MSGSEND = YES;
				GCC_C_LANGUAGE_STANDARD = gnu11;
				GCC_NO_COMMON_BLOCKS = YES;
				GCC_WARN_64_TO_32_BIT_CONVERSION = YES;
				GCC_WARN_ABOUT_RETURN_TYPE = YES_ERROR;
				GCC_WARN_UNDECLARED_SELECTOR = YES;
				GCC_WARN_UNINITIALIZED_AUTOS = YES_AGGRESSIVE;
				GCC_WARN_UNUSED_FUNCTION = YES;
				GCC_WARN_UNUSED_VARIABLE = YES;
				IPHONEOS_DEPLOYMENT_TARGET = 13.2;
				MTL_ENABLE_DEBUG_INFO = NO;
				MTL_FAST_MATH = YES;
				SDKROOT = iphoneos;
				SWIFT_COMPILATION_MODE = wholemodule;
				SWIFT_OPTIMIZATION_LEVEL = "-O";
				VALIDATE_PRODUCT = YES;
			};
			name = Release;
		};
		5F8BFE5D2370FE5100465DD6 /* Debug */ = {
			isa = XCBuildConfiguration;
			buildSettings = {
				ASSETCATALOG_COMPILER_APPICON_NAME = AppIcon;
				CODE_SIGN_STYLE = Automatic;
				DEVELOPMENT_TEAM = KBN4UJJ564;
				INFOPLIST_FILE = MarsRoverGallery/Info.plist;
				LD_RUNPATH_SEARCH_PATHS = (
					"$(inherited)",
					"@executable_path/Frameworks",
				);
				PRODUCT_BUNDLE_IDENTIFIER = com.SamsonLLC.MarsRoverGallery;
				PRODUCT_NAME = "$(TARGET_NAME)";
				SWIFT_VERSION = 5.0;
				TARGETED_DEVICE_FAMILY = "1,2";
			};
			name = Debug;
		};
		5F8BFE5E2370FE5100465DD6 /* Release */ = {
			isa = XCBuildConfiguration;
			buildSettings = {
				ASSETCATALOG_COMPILER_APPICON_NAME = AppIcon;
				CODE_SIGN_STYLE = Automatic;
				DEVELOPMENT_TEAM = KBN4UJJ564;
				INFOPLIST_FILE = MarsRoverGallery/Info.plist;
				LD_RUNPATH_SEARCH_PATHS = (
					"$(inherited)",
					"@executable_path/Frameworks",
				);
				PRODUCT_BUNDLE_IDENTIFIER = com.SamsonLLC.MarsRoverGallery;
				PRODUCT_NAME = "$(TARGET_NAME)";
				SWIFT_VERSION = 5.0;
				TARGETED_DEVICE_FAMILY = "1,2";
			};
			name = Release;
		};
		5F8BFE602370FE5100465DD6 /* Debug */ = {
			isa = XCBuildConfiguration;
			buildSettings = {
				ALWAYS_EMBED_SWIFT_STANDARD_LIBRARIES = YES;
				BUNDLE_LOADER = "$(TEST_HOST)";
				CODE_SIGN_STYLE = Automatic;
				DEVELOPMENT_TEAM = KBN4UJJ564;
				INFOPLIST_FILE = MarsRoverGalleryTests/Info.plist;
				IPHONEOS_DEPLOYMENT_TARGET = 13.2;
				LD_RUNPATH_SEARCH_PATHS = (
					"$(inherited)",
					"@executable_path/Frameworks",
					"@loader_path/Frameworks",
				);
				PRODUCT_BUNDLE_IDENTIFIER = com.SamsonLLC.MarsRoverGalleryTests;
				PRODUCT_NAME = "$(TARGET_NAME)";
				SWIFT_VERSION = 5.0;
				TARGETED_DEVICE_FAMILY = "1,2";
				TEST_HOST = "$(BUILT_PRODUCTS_DIR)/MarsRoverGallery.app/MarsRoverGallery";
			};
			name = Debug;
		};
		5F8BFE612370FE5100465DD6 /* Release */ = {
			isa = XCBuildConfiguration;
			buildSettings = {
				ALWAYS_EMBED_SWIFT_STANDARD_LIBRARIES = YES;
				BUNDLE_LOADER = "$(TEST_HOST)";
				CODE_SIGN_STYLE = Automatic;
				DEVELOPMENT_TEAM = KBN4UJJ564;
				INFOPLIST_FILE = MarsRoverGalleryTests/Info.plist;
				IPHONEOS_DEPLOYMENT_TARGET = 13.2;
				LD_RUNPATH_SEARCH_PATHS = (
					"$(inherited)",
					"@executable_path/Frameworks",
					"@loader_path/Frameworks",
				);
				PRODUCT_BUNDLE_IDENTIFIER = com.SamsonLLC.MarsRoverGalleryTests;
				PRODUCT_NAME = "$(TARGET_NAME)";
				SWIFT_VERSION = 5.0;
				TARGETED_DEVICE_FAMILY = "1,2";
				TEST_HOST = "$(BUILT_PRODUCTS_DIR)/MarsRoverGallery.app/MarsRoverGallery";
			};
			name = Release;
		};
/* End XCBuildConfiguration section */

/* Begin XCConfigurationList section */
		5F8BFE382370FE4E00465DD6 /* Build configuration list for PBXProject "MarsRoverGallery" */ = {
			isa = XCConfigurationList;
			buildConfigurations = (
				5F8BFE5A2370FE5100465DD6 /* Debug */,
				5F8BFE5B2370FE5100465DD6 /* Release */,
			);
			defaultConfigurationIsVisible = 0;
			defaultConfigurationName = Release;
		};
		5F8BFE5C2370FE5100465DD6 /* Build configuration list for PBXNativeTarget "MarsRoverGallery" */ = {
			isa = XCConfigurationList;
			buildConfigurations = (
				5F8BFE5D2370FE5100465DD6 /* Debug */,
				5F8BFE5E2370FE5100465DD6 /* Release */,
			);
			defaultConfigurationIsVisible = 0;
			defaultConfigurationName = Release;
		};
		5F8BFE5F2370FE5100465DD6 /* Build configuration list for PBXNativeTarget "MarsRoverGalleryTests" */ = {
			isa = XCConfigurationList;
			buildConfigurations = (
				5F8BFE602370FE5100465DD6 /* Debug */,
				5F8BFE612370FE5100465DD6 /* Release */,
			);
			defaultConfigurationIsVisible = 0;
			defaultConfigurationName = Release;
		};
/* End XCConfigurationList section */
	};
	rootObject = 5F8BFE352370FE4E00465DD6 /* Project object */;
}
